// !$*UTF8*$!
{
	archiveVersion = 1;
	classes = {
	};
	objectVersion = 56;
	objects = {

/* Begin PBXBuildFile section */
		8492E8D22A19EF0C00B94558 /* AC_RemoteApp.swift in Sources */ = {isa = PBXBuildFile; fileRef = 8492E8D12A19EF0C00B94558 /* AC_RemoteApp.swift */; };
		8492E8D42A19EF0C00B94558 /* ContentView.swift in Sources */ = {isa = PBXBuildFile; fileRef = 8492E8D32A19EF0C00B94558 /* ContentView.swift */; };
		8492E8D62A19EF0F00B94558 /* Assets.xcassets in Resources */ = {isa = PBXBuildFile; fileRef = 8492E8D52A19EF0F00B94558 /* Assets.xcassets */; };
		8492E8D92A19EF0F00B94558 /* Preview Assets.xcassets in Resources */ = {isa = PBXBuildFile; fileRef = 8492E8D82A19EF0F00B94558 /* Preview Assets.xcassets */; };
		8492E8E42A19F16A00B94558 /* DhtSensorData.swift in Sources */ = {isa = PBXBuildFile; fileRef = 8492E8E32A19F16A00B94558 /* DhtSensorData.swift */; };
		8492E8E72A19F1EF00B94558 /* HistoricalDataApiResponse.swift in Sources */ = {isa = PBXBuildFile; fileRef = 8492E8E62A19F1EF00B94558 /* HistoricalDataApiResponse.swift */; };
		8492E8E92A19F30500B94558 /* TempMetricsApiResponse.swift in Sources */ = {isa = PBXBuildFile; fileRef = 8492E8E82A19F30500B94558 /* TempMetricsApiResponse.swift */; };
		8492E8EB2A19F31100B94558 /* HumidityMetricsApiResponse.swift in Sources */ = {isa = PBXBuildFile; fileRef = 8492E8EA2A19F31100B94558 /* HumidityMetricsApiResponse.swift */; };
		8492E8ED2A19F41500B94558 /* RemoteCommands.swift in Sources */ = {isa = PBXBuildFile; fileRef = 8492E8EC2A19F41500B94558 /* RemoteCommands.swift */; };
		8492E8EF2A19F50F00B94558 /* HistoricalDataRow.swift in Sources */ = {isa = PBXBuildFile; fileRef = 8492E8EE2A19F50F00B94558 /* HistoricalDataRow.swift */; };
		8492E8F32A19FC1000B94558 /* DateFunctions.swift in Sources */ = {isa = PBXBuildFile; fileRef = 8492E8F22A19FC1000B94558 /* DateFunctions.swift */; };
		8492E8FF2A19FDCD00B94558 /* ACRemoteTests.swift in Sources */ = {isa = PBXBuildFile; fileRef = 8492E8FE2A19FDCD00B94558 /* ACRemoteTests.swift */; };
		8492E9072A19FDEA00B94558 /* DateFunctionsTests.swift in Sources */ = {isa = PBXBuildFile; fileRef = 8492E9062A19FDEA00B94558 /* DateFunctionsTests.swift */; };
		8492E90B2A1A06D700B94558 /* HistoricalDataList.swift in Sources */ = {isa = PBXBuildFile; fileRef = 8492E90A2A1A06D700B94558 /* HistoricalDataList.swift */; };
/* End PBXBuildFile section */

/* Begin PBXContainerItemProxy section */
		8492E9002A19FDCD00B94558 /* PBXContainerItemProxy */ = {
			isa = PBXContainerItemProxy;
			containerPortal = 8492E8C62A19EF0C00B94558 /* Project object */;
			proxyType = 1;
			remoteGlobalIDString = 8492E8CD2A19EF0C00B94558;
			remoteInfo = "AC Remote";
		};
/* End PBXContainerItemProxy section */

/* Begin PBXFileReference section */
		8492E8CE2A19EF0C00B94558 /* AC Remote.app */ = {isa = PBXFileReference; explicitFileType = wrapper.application; includeInIndex = 0; path = "AC Remote.app"; sourceTree = BUILT_PRODUCTS_DIR; };
		8492E8D12A19EF0C00B94558 /* AC_RemoteApp.swift */ = {isa = PBXFileReference; lastKnownFileType = sourcecode.swift; path = AC_RemoteApp.swift; sourceTree = "<group>"; };
		8492E8D32A19EF0C00B94558 /* ContentView.swift */ = {isa = PBXFileReference; lastKnownFileType = sourcecode.swift; path = ContentView.swift; sourceTree = "<group>"; };
		8492E8D52A19EF0F00B94558 /* Assets.xcassets */ = {isa = PBXFileReference; lastKnownFileType = folder.assetcatalog; path = Assets.xcassets; sourceTree = "<group>"; };
		8492E8D82A19EF0F00B94558 /* Preview Assets.xcassets */ = {isa = PBXFileReference; lastKnownFileType = folder.assetcatalog; path = "Preview Assets.xcassets"; sourceTree = "<group>"; };
		8492E8E32A19F16A00B94558 /* DhtSensorData.swift */ = {isa = PBXFileReference; lastKnownFileType = sourcecode.swift; path = DhtSensorData.swift; sourceTree = "<group>"; };
		8492E8E62A19F1EF00B94558 /* HistoricalDataApiResponse.swift */ = {isa = PBXFileReference; lastKnownFileType = sourcecode.swift; path = HistoricalDataApiResponse.swift; sourceTree = "<group>"; };
		8492E8E82A19F30500B94558 /* TempMetricsApiResponse.swift */ = {isa = PBXFileReference; lastKnownFileType = sourcecode.swift; path = TempMetricsApiResponse.swift; sourceTree = "<group>"; };
		8492E8EA2A19F31100B94558 /* HumidityMetricsApiResponse.swift */ = {isa = PBXFileReference; lastKnownFileType = sourcecode.swift; path = HumidityMetricsApiResponse.swift; sourceTree = "<group>"; };
		8492E8EC2A19F41500B94558 /* RemoteCommands.swift */ = {isa = PBXFileReference; lastKnownFileType = sourcecode.swift; path = RemoteCommands.swift; sourceTree = "<group>"; };
		8492E8EE2A19F50F00B94558 /* HistoricalDataRow.swift */ = {isa = PBXFileReference; lastKnownFileType = sourcecode.swift; path = HistoricalDataRow.swift; sourceTree = "<group>"; };
		8492E8F22A19FC1000B94558 /* DateFunctions.swift */ = {isa = PBXFileReference; lastKnownFileType = sourcecode.swift; path = DateFunctions.swift; sourceTree = "<group>"; };
		8492E8FC2A19FDCD00B94558 /* ACRemoteTests.xctest */ = {isa = PBXFileReference; explicitFileType = wrapper.cfbundle; includeInIndex = 0; path = ACRemoteTests.xctest; sourceTree = BUILT_PRODUCTS_DIR; };
		8492E8FE2A19FDCD00B94558 /* ACRemoteTests.swift */ = {isa = PBXFileReference; lastKnownFileType = sourcecode.swift; path = ACRemoteTests.swift; sourceTree = "<group>"; };
		8492E9062A19FDEA00B94558 /* DateFunctionsTests.swift */ = {isa = PBXFileReference; lastKnownFileType = sourcecode.swift; path = DateFunctionsTests.swift; sourceTree = "<group>"; };
		8492E90A2A1A06D700B94558 /* HistoricalDataList.swift */ = {isa = PBXFileReference; lastKnownFileType = sourcecode.swift; path = HistoricalDataList.swift; sourceTree = "<group>"; };
/* End PBXFileReference section */

/* Begin PBXFrameworksBuildPhase section */
		8492E8CB2A19EF0C00B94558 /* Frameworks */ = {
			isa = PBXFrameworksBuildPhase;
			buildActionMask = 2147483647;
			files = (
			);
			runOnlyForDeploymentPostprocessing = 0;
		};
		8492E8F92A19FDCD00B94558 /* Frameworks */ = {
			isa = PBXFrameworksBuildPhase;
			buildActionMask = 2147483647;
			files = (
			);
			runOnlyForDeploymentPostprocessing = 0;
		};
/* End PBXFrameworksBuildPhase section */

/* Begin PBXGroup section */
		8492E8C52A19EF0C00B94558 = {
			isa = PBXGroup;
			children = (
				8492E8D02A19EF0C00B94558 /* ACRemote */,
				8492E8FD2A19FDCD00B94558 /* ACRemoteTests */,
				8492E8CF2A19EF0C00B94558 /* Products */,
			);
			sourceTree = "<group>";
		};
		8492E8CF2A19EF0C00B94558 /* Products */ = {
			isa = PBXGroup;
			children = (
				8492E8CE2A19EF0C00B94558 /* AC Remote.app */,
				8492E8FC2A19FDCD00B94558 /* ACRemoteTests.xctest */,
			);
			name = Products;
			sourceTree = "<group>";
		};
		8492E8D02A19EF0C00B94558 /* ACRemote */ = {
			isa = PBXGroup;
			children = (
				8492E8F12A19FBFE00B94558 /* Functions */,
				8492E8D12A19EF0C00B94558 /* AC_RemoteApp.swift */,
				8492E8D52A19EF0F00B94558 /* Assets.xcassets */,
				8492E8E02A19F0C200B94558 /* Models */,
				8492E8D72A19EF0F00B94558 /* Preview Content */,
				8492E8E12A19F0CA00B94558 /* Resources */,
				8492E8DF2A19F0BC00B94558 /* Views */,
			);
			path = ACRemote;
			sourceTree = "<group>";
		};
		8492E8D72A19EF0F00B94558 /* Preview Content */ = {
			isa = PBXGroup;
			children = (
				8492E8D82A19EF0F00B94558 /* Preview Assets.xcassets */,
			);
			path = "Preview Content";
			sourceTree = "<group>";
		};
		8492E8DF2A19F0BC00B94558 /* Views */ = {
			isa = PBXGroup;
			children = (
				8492E8D32A19EF0C00B94558 /* ContentView.swift */,
				8492E8F02A19F51800B94558 /* HistoricalData */,
			);
			path = Views;
			sourceTree = "<group>";
		};
		8492E8E02A19F0C200B94558 /* Models */ = {
			isa = PBXGroup;
			children = (
				8492E8E52A19F1CF00B94558 /* Api */,
				8492E8E32A19F16A00B94558 /* DhtSensorData.swift */,
				8492E8EC2A19F41500B94558 /* RemoteCommands.swift */,
			);
			path = Models;
			sourceTree = "<group>";
		};
		8492E8E12A19F0CA00B94558 /* Resources */ = {
			isa = PBXGroup;
			children = (
			);
			path = Resources;
			sourceTree = "<group>";
		};
		8492E8E52A19F1CF00B94558 /* Api */ = {
			isa = PBXGroup;
			children = (
				8492E8E62A19F1EF00B94558 /* HistoricalDataApiResponse.swift */,
				8492E8E82A19F30500B94558 /* TempMetricsApiResponse.swift */,
				8492E8EA2A19F31100B94558 /* HumidityMetricsApiResponse.swift */,
			);
			path = Api;
			sourceTree = "<group>";
		};
		8492E8F02A19F51800B94558 /* HistoricalData */ = {
			isa = PBXGroup;
			children = (
				8492E8EE2A19F50F00B94558 /* HistoricalDataRow.swift */,
				8492E90A2A1A06D700B94558 /* HistoricalDataList.swift */,
			);
			path = HistoricalData;
			sourceTree = "<group>";
		};
		8492E8F12A19FBFE00B94558 /* Functions */ = {
			isa = PBXGroup;
			children = (
				8492E8F22A19FC1000B94558 /* DateFunctions.swift */,
			);
			path = Functions;
			sourceTree = "<group>";
		};
		8492E8FD2A19FDCD00B94558 /* ACRemoteTests */ = {
			isa = PBXGroup;
			children = (
				8492E9052A19FDDA00B94558 /* FunctionsTests */,
				8492E8FE2A19FDCD00B94558 /* ACRemoteTests.swift */,
			);
			path = ACRemoteTests;
			sourceTree = "<group>";
		};
		8492E9052A19FDDA00B94558 /* FunctionsTests */ = {
			isa = PBXGroup;
			children = (
				8492E9062A19FDEA00B94558 /* DateFunctionsTests.swift */,
			);
			path = FunctionsTests;
			sourceTree = "<group>";
		};
/* End PBXGroup section */

/* Begin PBXNativeTarget section */
		8492E8CD2A19EF0C00B94558 /* AC Remote */ = {
			isa = PBXNativeTarget;
			buildConfigurationList = 8492E8DC2A19EF0F00B94558 /* Build configuration list for PBXNativeTarget "AC Remote" */;
			buildPhases = (
				8492E8CA2A19EF0C00B94558 /* Sources */,
				8492E8CB2A19EF0C00B94558 /* Frameworks */,
				8492E8CC2A19EF0C00B94558 /* Resources */,
			);
			buildRules = (
			);
			dependencies = (
			);
			name = "AC Remote";
			productName = "AC Remote";
			productReference = 8492E8CE2A19EF0C00B94558 /* AC Remote.app */;
			productType = "com.apple.product-type.application";
		};
		8492E8FB2A19FDCD00B94558 /* ACRemoteTests */ = {
			isa = PBXNativeTarget;
			buildConfigurationList = 8492E9022A19FDCD00B94558 /* Build configuration list for PBXNativeTarget "ACRemoteTests" */;
			buildPhases = (
				8492E8F82A19FDCD00B94558 /* Sources */,
				8492E8F92A19FDCD00B94558 /* Frameworks */,
				8492E8FA2A19FDCD00B94558 /* Resources */,
			);
			buildRules = (
			);
			dependencies = (
				8492E9012A19FDCD00B94558 /* PBXTargetDependency */,
			);
			name = ACRemoteTests;
			productName = ACRemoteTests;
			productReference = 8492E8FC2A19FDCD00B94558 /* ACRemoteTests.xctest */;
			productType = "com.apple.product-type.bundle.unit-test";
		};
/* End PBXNativeTarget section */

/* Begin PBXProject section */
		8492E8C62A19EF0C00B94558 /* Project object */ = {
			isa = PBXProject;
			attributes = {
				BuildIndependentTargetsInParallel = 1;
				LastSwiftUpdateCheck = 1430;
				LastUpgradeCheck = 1430;
				TargetAttributes = {
					8492E8CD2A19EF0C00B94558 = {
						CreatedOnToolsVersion = 14.3;
					};
					8492E8FB2A19FDCD00B94558 = {
						CreatedOnToolsVersion = 14.3;
						TestTargetID = 8492E8CD2A19EF0C00B94558;
					};
				};
			};
			buildConfigurationList = 8492E8C92A19EF0C00B94558 /* Build configuration list for PBXProject "AC Remote" */;
			compatibilityVersion = "Xcode 14.0";
			developmentRegion = en;
			hasScannedForEncodings = 0;
			knownRegions = (
				en,
				Base,
			);
			mainGroup = 8492E8C52A19EF0C00B94558;
			productRefGroup = 8492E8CF2A19EF0C00B94558 /* Products */;
			projectDirPath = "";
			projectRoot = "";
			targets = (
				8492E8CD2A19EF0C00B94558 /* AC Remote */,
				8492E8FB2A19FDCD00B94558 /* ACRemoteTests */,
			);
		};
/* End PBXProject section */

/* Begin PBXResourcesBuildPhase section */
		8492E8CC2A19EF0C00B94558 /* Resources */ = {
			isa = PBXResourcesBuildPhase;
			buildActionMask = 2147483647;
			files = (
				8492E8D92A19EF0F00B94558 /* Preview Assets.xcassets in Resources */,
				8492E8D62A19EF0F00B94558 /* Assets.xcassets in Resources */,
			);
			runOnlyForDeploymentPostprocessing = 0;
		};
		8492E8FA2A19FDCD00B94558 /* Resources */ = {
			isa = PBXResourcesBuildPhase;
			buildActionMask = 2147483647;
			files = (
			);
			runOnlyForDeploymentPostprocessing = 0;
		};
/* End PBXResourcesBuildPhase section */

/* Begin PBXSourcesBuildPhase section */
		8492E8CA2A19EF0C00B94558 /* Sources */ = {
			isa = PBXSourcesBuildPhase;
			buildActionMask = 2147483647;
			files = (
				8492E8EB2A19F31100B94558 /* HumidityMetricsApiResponse.swift in Sources */,
				8492E8E42A19F16A00B94558 /* DhtSensorData.swift in Sources */,
				8492E8D42A19EF0C00B94558 /* ContentView.swift in Sources */,
				8492E8ED2A19F41500B94558 /* RemoteCommands.swift in Sources */,
				8492E8D22A19EF0C00B94558 /* AC_RemoteApp.swift in Sources */,
				8492E8E72A19F1EF00B94558 /* HistoricalDataApiResponse.swift in Sources */,
				8492E8EF2A19F50F00B94558 /* HistoricalDataRow.swift in Sources */,
				8492E90B2A1A06D700B94558 /* HistoricalDataList.swift in Sources */,
				8492E8F32A19FC1000B94558 /* DateFunctions.swift in Sources */,
				8492E8E92A19F30500B94558 /* TempMetricsApiResponse.swift in Sources */,
			);
			runOnlyForDeploymentPostprocessing = 0;
		};
		8492E8F82A19FDCD00B94558 /* Sources */ = {
			isa = PBXSourcesBuildPhase;
			buildActionMask = 2147483647;
			files = (
				8492E8FF2A19FDCD00B94558 /* ACRemoteTests.swift in Sources */,
				8492E9072A19FDEA00B94558 /* DateFunctionsTests.swift in Sources */,
			);
			runOnlyForDeploymentPostprocessing = 0;
		};
/* End PBXSourcesBuildPhase section */

/* Begin PBXTargetDependency section */
		8492E9012A19FDCD00B94558 /* PBXTargetDependency */ = {
			isa = PBXTargetDependency;
			target = 8492E8CD2A19EF0C00B94558 /* AC Remote */;
			targetProxy = 8492E9002A19FDCD00B94558 /* PBXContainerItemProxy */;
		};
/* End PBXTargetDependency section */

/* Begin XCBuildConfiguration section */
		8492E8DA2A19EF0F00B94558 /* Debug */ = {
			isa = XCBuildConfiguration;
			buildSettings = {
				ALWAYS_SEARCH_USER_PATHS = NO;
				CLANG_ANALYZER_NONNULL = YES;
				CLANG_ANALYZER_NUMBER_OBJECT_CONVERSION = YES_AGGRESSIVE;
				CLANG_CXX_LANGUAGE_STANDARD = "gnu++20";
				CLANG_ENABLE_MODULES = YES;
				CLANG_ENABLE_OBJC_ARC = YES;
				CLANG_ENABLE_OBJC_WEAK = YES;
				CLANG_WARN_BLOCK_CAPTURE_AUTORELEASING = YES;
				CLANG_WARN_BOOL_CONVERSION = YES;
				CLANG_WARN_COMMA = YES;
				CLANG_WARN_CONSTANT_CONVERSION = YES;
				CLANG_WARN_DEPRECATED_OBJC_IMPLEMENTATIONS = YES;
				CLANG_WARN_DIRECT_OBJC_ISA_USAGE = YES_ERROR;
				CLANG_WARN_DOCUMENTATION_COMMENTS = YES;
				CLANG_WARN_EMPTY_BODY = YES;
				CLANG_WARN_ENUM_CONVERSION = YES;
				CLANG_WARN_INFINITE_RECURSION = YES;
				CLANG_WARN_INT_CONVERSION = YES;
				CLANG_WARN_NON_LITERAL_NULL_CONVERSION = YES;
				CLANG_WARN_OBJC_IMPLICIT_RETAIN_SELF = YES;
				CLANG_WARN_OBJC_LITERAL_CONVERSION = YES;
				CLANG_WARN_OBJC_ROOT_CLASS = YES_ERROR;
				CLANG_WARN_QUOTED_INCLUDE_IN_FRAMEWORK_HEADER = YES;
				CLANG_WARN_RANGE_LOOP_ANALYSIS = YES;
				CLANG_WARN_STRICT_PROTOTYPES = YES;
				CLANG_WARN_SUSPICIOUS_MOVE = YES;
				CLANG_WARN_UNGUARDED_AVAILABILITY = YES_AGGRESSIVE;
				CLANG_WARN_UNREACHABLE_CODE = YES;
				CLANG_WARN__DUPLICATE_METHOD_MATCH = YES;
				COPY_PHASE_STRIP = NO;
				DEBUG_INFORMATION_FORMAT = dwarf;
				ENABLE_STRICT_OBJC_MSGSEND = YES;
				ENABLE_TESTABILITY = YES;
				GCC_C_LANGUAGE_STANDARD = gnu11;
				GCC_DYNAMIC_NO_PIC = NO;
				GCC_NO_COMMON_BLOCKS = YES;
				GCC_OPTIMIZATION_LEVEL = 0;
				GCC_PREPROCESSOR_DEFINITIONS = (
					"DEBUG=1",
					"$(inherited)",
				);
				GCC_WARN_64_TO_32_BIT_CONVERSION = YES;
				GCC_WARN_ABOUT_RETURN_TYPE = YES_ERROR;
				GCC_WARN_UNDECLARED_SELECTOR = YES;
				GCC_WARN_UNINITIALIZED_AUTOS = YES_AGGRESSIVE;
				GCC_WARN_UNUSED_FUNCTION = YES;
				GCC_WARN_UNUSED_VARIABLE = YES;
				IPHONEOS_DEPLOYMENT_TARGET = 16.4;
				MTL_ENABLE_DEBUG_INFO = INCLUDE_SOURCE;
				MTL_FAST_MATH = YES;
				ONLY_ACTIVE_ARCH = YES;
				SDKROOT = iphoneos;
				SWIFT_ACTIVE_COMPILATION_CONDITIONS = DEBUG;
				SWIFT_OPTIMIZATION_LEVEL = "-Onone";
			};
			name = Debug;
		};
		8492E8DB2A19EF0F00B94558 /* Release */ = {
			isa = XCBuildConfiguration;
			buildSettings = {
				ALWAYS_SEARCH_USER_PATHS = NO;
				CLANG_ANALYZER_NONNULL = YES;
				CLANG_ANALYZER_NUMBER_OBJECT_CONVERSION = YES_AGGRESSIVE;
				CLANG_CXX_LANGUAGE_STANDARD = "gnu++20";
				CLANG_ENABLE_MODULES = YES;
				CLANG_ENABLE_OBJC_ARC = YES;
				CLANG_ENABLE_OBJC_WEAK = YES;
				CLANG_WARN_BLOCK_CAPTURE_AUTORELEASING = YES;
				CLANG_WARN_BOOL_CONVERSION = YES;
				CLANG_WARN_COMMA = YES;
				CLANG_WARN_CONSTANT_CONVERSION = YES;
				CLANG_WARN_DEPRECATED_OBJC_IMPLEMENTATIONS = YES;
				CLANG_WARN_DIRECT_OBJC_ISA_USAGE = YES_ERROR;
				CLANG_WARN_DOCUMENTATION_COMMENTS = YES;
				CLANG_WARN_EMPTY_BODY = YES;
				CLANG_WARN_ENUM_CONVERSION = YES;
				CLANG_WARN_INFINITE_RECURSION = YES;
				CLANG_WARN_INT_CONVERSION = YES;
				CLANG_WARN_NON_LITERAL_NULL_CONVERSION = YES;
				CLANG_WARN_OBJC_IMPLICIT_RETAIN_SELF = YES;
				CLANG_WARN_OBJC_LITERAL_CONVERSION = YES;
				CLANG_WARN_OBJC_ROOT_CLASS = YES_ERROR;
				CLANG_WARN_QUOTED_INCLUDE_IN_FRAMEWORK_HEADER = YES;
				CLANG_WARN_RANGE_LOOP_ANALYSIS = YES;
				CLANG_WARN_STRICT_PROTOTYPES = YES;
				CLANG_WARN_SUSPICIOUS_MOVE = YES;
				CLANG_WARN_UNGUARDED_AVAILABILITY = YES_AGGRESSIVE;
				CLANG_WARN_UNREACHABLE_CODE = YES;
				CLANG_WARN__DUPLICATE_METHOD_MATCH = YES;
				COPY_PHASE_STRIP = NO;
				DEBUG_INFORMATION_FORMAT = "dwarf-with-dsym";
				ENABLE_NS_ASSERTIONS = NO;
				ENABLE_STRICT_OBJC_MSGSEND = YES;
				GCC_C_LANGUAGE_STANDARD = gnu11;
				GCC_NO_COMMON_BLOCKS = YES;
				GCC_WARN_64_TO_32_BIT_CONVERSION = YES;
				GCC_WARN_ABOUT_RETURN_TYPE = YES_ERROR;
				GCC_WARN_UNDECLARED_SELECTOR = YES;
				GCC_WARN_UNINITIALIZED_AUTOS = YES_AGGRESSIVE;
				GCC_WARN_UNUSED_FUNCTION = YES;
				GCC_WARN_UNUSED_VARIABLE = YES;
				IPHONEOS_DEPLOYMENT_TARGET = 16.4;
				MTL_ENABLE_DEBUG_INFO = NO;
				MTL_FAST_MATH = YES;
				SDKROOT = iphoneos;
				SWIFT_COMPILATION_MODE = wholemodule;
				SWIFT_OPTIMIZATION_LEVEL = "-O";
				VALIDATE_PRODUCT = YES;
			};
			name = Release;
		};
		8492E8DD2A19EF0F00B94558 /* Debug */ = {
			isa = XCBuildConfiguration;
			buildSettings = {
				ASSETCATALOG_COMPILER_APPICON_NAME = AppIcon;
				ASSETCATALOG_COMPILER_GLOBAL_ACCENT_COLOR_NAME = AccentColor;
				CODE_SIGN_STYLE = Automatic;
				CURRENT_PROJECT_VERSION = 1;
				DEVELOPMENT_ASSET_PATHS = "\"ACRemote/Preview Content\"";
				DEVELOPMENT_TEAM = TPK9GAG436;
				ENABLE_PREVIEWS = YES;
				GENERATE_INFOPLIST_FILE = YES;
				INFOPLIST_KEY_UIApplicationSceneManifest_Generation = YES;
				INFOPLIST_KEY_UIApplicationSupportsIndirectInputEvents = YES;
				INFOPLIST_KEY_UILaunchScreen_Generation = YES;
				INFOPLIST_KEY_UISupportedInterfaceOrientations_iPad = "UIInterfaceOrientationPortrait UIInterfaceOrientationPortraitUpsideDown UIInterfaceOrientationLandscapeLeft UIInterfaceOrientationLandscapeRight";
				INFOPLIST_KEY_UISupportedInterfaceOrientations_iPhone = "UIInterfaceOrientationPortrait UIInterfaceOrientationLandscapeLeft UIInterfaceOrientationLandscapeRight";
				LD_RUNPATH_SEARCH_PATHS = (
					"$(inherited)",
					"@executable_path/Frameworks",
				);
				MARKETING_VERSION = 1.0;
				PRODUCT_BUNDLE_IDENTIFIER = "com.jorgensen.AC-Remote";
				PRODUCT_NAME = "$(TARGET_NAME)";
				SWIFT_EMIT_LOC_STRINGS = YES;
				SWIFT_VERSION = 5.0;
				TARGETED_DEVICE_FAMILY = "1,2";
			};
			name = Debug;
		};
		8492E8DE2A19EF0F00B94558 /* Release */ = {
			isa = XCBuildConfiguration;
			buildSettings = {
				ASSETCATALOG_COMPILER_APPICON_NAME = AppIcon;
				ASSETCATALOG_COMPILER_GLOBAL_ACCENT_COLOR_NAME = AccentColor;
				CODE_SIGN_STYLE = Automatic;
				CURRENT_PROJECT_VERSION = 1;
				DEVELOPMENT_ASSET_PATHS = "\"ACRemote/Preview Content\"";
				DEVELOPMENT_TEAM = TPK9GAG436;
				ENABLE_PREVIEWS = YES;
				GENERATE_INFOPLIST_FILE = YES;
				INFOPLIST_KEY_UIApplicationSceneManifest_Generation = YES;
				INFOPLIST_KEY_UIApplicationSupportsIndirectInputEvents = YES;
				INFOPLIST_KEY_UILaunchScreen_Generation = YES;
				INFOPLIST_KEY_UISupportedInterfaceOrientations_iPad = "UIInterfaceOrientationPortrait UIInterfaceOrientationPortraitUpsideDown UIInterfaceOrientationLandscapeLeft UIInterfaceOrientationLandscapeRight";
				INFOPLIST_KEY_UISupportedInterfaceOrientations_iPhone = "UIInterfaceOrientationPortrait UIInterfaceOrientationLandscapeLeft UIInterfaceOrientationLandscapeRight";
				LD_RUNPATH_SEARCH_PATHS = (
					"$(inherited)",
					"@executable_path/Frameworks",
				);
				MARKETING_VERSION = 1.0;
				PRODUCT_BUNDLE_IDENTIFIER = "com.jorgensen.AC-Remote";
				PRODUCT_NAME = "$(TARGET_NAME)";
				SWIFT_EMIT_LOC_STRINGS = YES;
				SWIFT_VERSION = 5.0;
				TARGETED_DEVICE_FAMILY = "1,2";
			};
			name = Release;
		};
		8492E9032A19FDCD00B94558 /* Debug */ = {
			isa = XCBuildConfiguration;
			buildSettings = {
				BUNDLE_LOADER = "$(TEST_HOST)";
				CODE_SIGN_STYLE = Automatic;
				CURRENT_PROJECT_VERSION = 1;
				DEVELOPMENT_TEAM = TPK9GAG436;
				GENERATE_INFOPLIST_FILE = YES;
				MARKETING_VERSION = 1.0;
				PRODUCT_BUNDLE_IDENTIFIER = com.jorgensen.ACRemoteTests;
				PRODUCT_NAME = "$(TARGET_NAME)";
				SWIFT_EMIT_LOC_STRINGS = NO;
				SWIFT_VERSION = 5.0;
				TARGETED_DEVICE_FAMILY = "1,2";
				TEST_HOST = "$(BUILT_PRODUCTS_DIR)/AC Remote.app/$(BUNDLE_EXECUTABLE_FOLDER_PATH)/AC Remote";
			};
			name = Debug;
		};
		8492E9042A19FDCD00B94558 /* Release */ = {
			isa = XCBuildConfiguration;
			buildSettings = {
				BUNDLE_LOADER = "$(TEST_HOST)";
				CODE_SIGN_STYLE = Automatic;
				CURRENT_PROJECT_VERSION = 1;
				DEVELOPMENT_TEAM = TPK9GAG436;
				GENERATE_INFOPLIST_FILE = YES;
				MARKETING_VERSION = 1.0;
				PRODUCT_BUNDLE_IDENTIFIER = com.jorgensen.ACRemoteTests;
				PRODUCT_NAME = "$(TARGET_NAME)";
				SWIFT_EMIT_LOC_STRINGS = NO;
				SWIFT_VERSION = 5.0;
				TARGETED_DEVICE_FAMILY = "1,2";
				TEST_HOST = "$(BUILT_PRODUCTS_DIR)/AC Remote.app/$(BUNDLE_EXECUTABLE_FOLDER_PATH)/AC Remote";
			};
			name = Release;
		};
/* End XCBuildConfiguration section */

/* Begin XCConfigurationList section */
		8492E8C92A19EF0C00B94558 /* Build configuration list for PBXProject "AC Remote" */ = {
			isa = XCConfigurationList;
			buildConfigurations = (
				8492E8DA2A19EF0F00B94558 /* Debug */,
				8492E8DB2A19EF0F00B94558 /* Release */,
			);
			defaultConfigurationIsVisible = 0;
			defaultConfigurationName = Release;
		};
		8492E8DC2A19EF0F00B94558 /* Build configuration list for PBXNativeTarget "AC Remote" */ = {
			isa = XCConfigurationList;
			buildConfigurations = (
				8492E8DD2A19EF0F00B94558 /* Debug */,
				8492E8DE2A19EF0F00B94558 /* Release */,
			);
			defaultConfigurationIsVisible = 0;
			defaultConfigurationName = Release;
		};
		8492E9022A19FDCD00B94558 /* Build configuration list for PBXNativeTarget "ACRemoteTests" */ = {
			isa = XCConfigurationList;
			buildConfigurations = (
				8492E9032A19FDCD00B94558 /* Debug */,
				8492E9042A19FDCD00B94558 /* Release */,
			);
			defaultConfigurationIsVisible = 0;
			defaultConfigurationName = Release;
		};
/* End XCConfigurationList section */
	};
	rootObject = 8492E8C62A19EF0C00B94558 /* Project object */;
}
